
Microsoft Visual Studio Solution File, Format Version 12.00
# Visual Studio Version 17
VisualStudioVersion = 17.14.36930.0 d17.14
MinimumVisualStudioVersion = 10.0.40219.1
Project("{FAE04EC0-301F-11D3-BF4B-00C04F79EFBC}") = "Assessment.Domain", "Assessment.Domain\Assessment.Domain.csproj", "{2E662CDE-08FC-4650-B761-44C07884C6DE}"
EndProject
Project("{FAE04EC0-301F-11D3-BF4B-00C04F79EFBC}") = "Assessment.Application", "Assessment.Application\Assessment.Application.csproj", "{57AAA734-FB09-42D7-A124-D06C208C7D45}"
EndProject
Project("{FAE04EC0-301F-11D3-BF4B-00C04F79EFBC}") = "Assessment.Infrastructure", "Assessment.Infrastructure\Assessment.Infrastructure.csproj", "{77559F2E-02EB-4279-BBC3-2E4EEAC06BFF}"
EndProject
Global
	GlobalSection(SolutionConfigurationPlatforms) = preSolution
		Debug|Any CPU = Debug|Any CPU
		Release|Any CPU = Release|Any CPU
	EndGlobalSection
	GlobalSection(ProjectConfigurationPlatforms) = postSolution
		{2E662CDE-08FC-4650-B761-44C07884C6DE}.Debug|Any CPU.ActiveCfg = Debug|Any CPU
		{2E662CDE-08FC-4650-B761-44C07884C6DE}.Debug|Any CPU.Build.0 = Debug|Any CPU
		{2E662CDE-08FC-4650-B761-44C07884C6DE}.Release|Any CPU.ActiveCfg = Release|Any CPU
		{2E662CDE-08FC-4650-B761-44C07884C6DE}.Release|Any CPU.Build.0 = Release|Any CPU
		{57AAA734-FB09-42D7-A124-D06C208C7D45}.Debug|Any CPU.ActiveCfg = Debug|Any CPU
		{57AAA734-FB09-42D7-A124-D06C208C7D45}.Debug|Any CPU.Build.0 = Debug|Any CPU
		{57AAA734-FB09-42D7-A124-D06C208C7D45}.Release|Any CPU.ActiveCfg = Release|Any CPU
		{57AAA734-FB09-42D7-A124-D06C208C7D45}.Release|Any CPU.Build.0 = Release|Any CPU
		{77559F2E-02EB-4279-BBC3-2E4EEAC06BFF}.Debug|Any CPU.ActiveCfg = Debug|Any CPU
		{77559F2E-02EB-4279-BBC3-2E4EEAC06BFF}.Debug|Any CPU.Build.0 = Debug|Any CPU
		{77559F2E-02EB-4279-BBC3-2E4EEAC06BFF}.Release|Any CPU.ActiveCfg = Release|Any CPU
		{77559F2E-02EB-4279-BBC3-2E4EEAC06BFF}.Release|Any CPU.Build.0 = Release|Any CPU
	EndGlobalSection
	GlobalSection(SolutionProperties) = preSolution
		HideSolutionNode = FALSE
	EndGlobalSection
	GlobalSection(ExtensibilityGlobals) = postSolution
		SolutionGuid = {E40D1060-C53E-4788-BA2E-947EF09D6026}
	EndGlobalSection
EndGlobal
